
Microsoft Visual Studio Solution File, Format Version 12.00
# Visual Studio Version 17
VisualStudioVersion = 17.2.32630.192
MinimumVisualStudioVersion = 10.0.40219.1
Project("{8BC9CEB8-8B4A-11D0-8D11-00A0C91BC942}") = "01-Window", "Window\Window.vcxproj", "{625EE1FA-183F-4639-AE99-C09CEE20DD81}"
EndProject
Project("{8BC9CEB8-8B4A-11D0-8D11-00A0C91BC942}") = "02-Extensions", "Extensions\Extensions.vcxproj", "{156347BE-E9A0-4FC6-BC71-427CAE9C1CDA}"
EndProject
Project("{8BC9CEB8-8B4A-11D0-8D11-00A0C91BC942}") = "04-Triangle", "Triangle\Triangle.vcxproj", "{6EDA0BED-3635-454A-A4BF-05EDCD3127F8}"
EndProject
Project("{8BC9CEB8-8B4A-11D0-8D11-00A0C91BC942}") = "03-Shaders", "Shaders\Shaders.vcxproj", "{9C5DCD32-0A63-4F51-A6AB-65935E72D189}"
EndProject
Project("{8BC9CEB8-8B4A-11D0-8D11-00A0C91BC942}") = "05-VertexArrays", "VertexArrays\VertexArrays.vcxproj", "{25254D0D-E327-451D-A049-75A8A703C685}"
EndProject
Global
	GlobalSection(SolutionConfigurationPlatforms) = preSolution
		Debug|x64 = Debug|x64
		Debug|x86 = Debug|x86
		Release|x64 = Release|x64
		Release|x86 = Release|x86
	EndGlobalSection
	GlobalSection(ProjectConfigurationPlatforms) = postSolution
		{625EE1FA-183F-4639-AE99-C09CEE20DD81}.Debug|x64.ActiveCfg = Debug|x64
		{625EE1FA-183F-4639-AE99-C09CEE20DD81}.Debug|x64.Build.0 = Debug|x64
		{625EE1FA-183F-4639-AE99-C09CEE20DD81}.Debug|x86.ActiveCfg = Debug|Win32
		{625EE1FA-183F-4639-AE99-C09CEE20DD81}.Debug|x86.Build.0 = Debug|Win32
		{625EE1FA-183F-4639-AE99-C09CEE20DD81}.Release|x64.ActiveCfg = Release|x64
		{625EE1FA-183F-4639-AE99-C09CEE20DD81}.Release|x64.Build.0 = Release|x64
		{625EE1FA-183F-4639-AE99-C09CEE20DD81}.Release|x86.ActiveCfg = Release|Win32
		{625EE1FA-183F-4639-AE99-C09CEE20DD81}.Release|x86.Build.0 = Release|Win32
		{156347BE-E9A0-4FC6-BC71-427CAE9C1CDA}.Debug|x64.ActiveCfg = Debug|x64
		{156347BE-E9A0-4FC6-BC71-427CAE9C1CDA}.Debug|x64.Build.0 = Debug|x64
		{156347BE-E9A0-4FC6-BC71-427CAE9C1CDA}.Debug|x86.ActiveCfg = Debug|Win32
		{156347BE-E9A0-4FC6-BC71-427CAE9C1CDA}.Debug|x86.Build.0 = Debug|Win32
		{156347BE-E9A0-4FC6-BC71-427CAE9C1CDA}.Release|x64.ActiveCfg = Release|x64
		{156347BE-E9A0-4FC6-BC71-427CAE9C1CDA}.Release|x64.Build.0 = Release|x64
		{156347BE-E9A0-4FC6-BC71-427CAE9C1CDA}.Release|x86.ActiveCfg = Release|Win32
		{156347BE-E9A0-4FC6-BC71-427CAE9C1CDA}.Release|x86.Build.0 = Release|Win32
		{6EDA0BED-3635-454A-A4BF-05EDCD3127F8}.Debug|x64.ActiveCfg = Debug|x64
		{6EDA0BED-3635-454A-A4BF-05EDCD3127F8}.Debug|x64.Build.0 = Debug|x64
		{6EDA0BED-3635-454A-A4BF-05EDCD3127F8}.Debug|x86.ActiveCfg = Debug|Win32
		{6EDA0BED-3635-454A-A4BF-05EDCD3127F8}.Debug|x86.Build.0 = Debug|Win32
		{6EDA0BED-3635-454A-A4BF-05EDCD3127F8}.Release|x64.ActiveCfg = Release|x64
		{6EDA0BED-3635-454A-A4BF-05EDCD3127F8}.Release|x64.Build.0 = Release|x64
		{6EDA0BED-3635-454A-A4BF-05EDCD3127F8}.Release|x86.ActiveCfg = Release|Win32
		{6EDA0BED-3635-454A-A4BF-05EDCD3127F8}.Release|x86.Build.0 = Release|Win32
		{9C5DCD32-0A63-4F51-A6AB-65935E72D189}.Debug|x64.ActiveCfg = Debug|x64
		{9C5DCD32-0A63-4F51-A6AB-65935E72D189}.Debug|x64.Build.0 = Debug|x64
		{9C5DCD32-0A63-4F51-A6AB-65935E72D189}.Debug|x86.ActiveCfg = Debug|Win32
		{9C5DCD32-0A63-4F51-A6AB-65935E72D189}.Debug|x86.Build.0 = Debug|Win32
		{9C5DCD32-0A63-4F51-A6AB-65935E72D189}.Release|x64.ActiveCfg = Release|x64
		{9C5DCD32-0A63-4F51-A6AB-65935E72D189}.Release|x64.Build.0 = Release|x64
		{9C5DCD32-0A63-4F51-A6AB-65935E72D189}.Release|x86.ActiveCfg = Release|Win32
		{9C5DCD32-0A63-4F51-A6AB-65935E72D189}.Release|x86.Build.0 = Release|Win32
		{25254D0D-E327-451D-A049-75A8A703C685}.Debug|x64.ActiveCfg = Debug|x64
		{25254D0D-E327-451D-A049-75A8A703C685}.Debug|x64.Build.0 = Debug|x64
		{25254D0D-E327-451D-A049-75A8A703C685}.Debug|x86.ActiveCfg = Debug|Win32
		{25254D0D-E327-451D-A049-75A8A703C685}.Debug|x86.Build.0 = Debug|Win32
		{25254D0D-E327-451D-A049-75A8A703C685}.Release|x64.ActiveCfg = Release|x64
		{25254D0D-E327-451D-A049-75A8A703C685}.Release|x64.Build.0 = Release|x64
		{25254D0D-E327-451D-A049-75A8A703C685}.Release|x86.ActiveCfg = Release|Win32
		{25254D0D-E327-451D-A049-75A8A703C685}.Release|x86.Build.0 = Release|Win32
	EndGlobalSection
	GlobalSection(SolutionProperties) = preSolution
		HideSolutionNode = FALSE
	EndGlobalSection
	GlobalSection(ExtensibilityGlobals) = postSolution
		SolutionGuid = {96D72675-975B-4D2B-BDDF-E62548012BAC}
	EndGlobalSection
EndGlobal
